{
    "_readme": [
        "This file locks the dependencies of your project to a known state",
        "Read more about it at https://getcomposer.org/doc/01-basic-usage.md#composer-lock-the-lock-file",
        "This file is @generated automatically"
    ],
    "content-hash": "041b9db7ae7864fd0707278a820e9bf9",
    "packages": [
        {
            "name": "arbiter/arbiter",
            "version": "1.0.0",
            "source": {
                "type": "git",
                "url": "https://github.com/arbiterphp/Arbiter.Arbiter.git",
                "reference": "6e3501a0ce00aec75dfbd0ab74707e746d048978"
            },
            "dist": {
                "type": "zip",
                "url": "https://api.github.com/repos/arbiterphp/Arbiter.Arbiter/zipball/6e3501a0ce00aec75dfbd0ab74707e746d048978",
                "reference": "6e3501a0ce00aec75dfbd0ab74707e746d048978",
                "shasum": ""
            },
            "require": {
                "php": ">=5.5.0",
                "psr/http-message": "~1.0"
            },
            "require-dev": {
                "zendframework/zend-diactoros": "~1.0"
            },
            "type": "library",
            "autoload": {
                "psr-4": {
                    "Arbiter\\": "src/"
                }
            },
            "notification-url": "https://packagist.org/downloads/",
            "license": [
                "MIT"
            ],
            "authors": [
                {
                    "name": "Arbiter.Arbiter Contributors",
                    "homepage": "https://github.com/arbiterphp/Arbiter.Arbiter/contributors"
                }
            ],
            "description": "A PSR-7 Action system for Action-Domain-Responder.",
            "homepage": "https://github.com/arbiterphp/Arbiter.Arbiter",
            "keywords": [
                "action domain responder",
                "adr",
                "middleware",
                "psr-7"
            ],
            "time": "2016-03-27T17:17:32+00:00"
        },
        {
            "name": "aura/di",
            "version": "3.2.0",
            "source": {
                "type": "git",
                "url": "https://github.com/auraphp/Aura.Di.git",
                "reference": "76824bdeae99e46e6ae06f29e4bdf86063da86b9"
            },
            "dist": {
                "type": "zip",
                "url": "https://api.github.com/repos/auraphp/Aura.Di/zipball/76824bdeae99e46e6ae06f29e4bdf86063da86b9",
                "reference": "76824bdeae99e46e6ae06f29e4bdf86063da86b9",
                "shasum": ""
            },
            "require": {
                "container-interop/container-interop": "~1.0",
                "php": ">=5.5.0"
            },
            "provide": {
                "container-interop/container-interop-implementation": "^1.0"
            },
            "require-dev": {
                "acclimate/container": "~1.0",
                "mouf/picotainer": "~1.0"
            },
            "type": "library",
            "autoload": {
                "psr-4": {
                    "Aura\\Di\\": "src/"
                }
            },
            "notification-url": "https://packagist.org/downloads/",
            "license": [
                "MIT"
            ],
            "authors": [
                {
                    "name": "Aura.Di Contributors",
                    "homepage": "https://github.com/auraphp/Aura.Di/contributors"
                }
            ],
            "description": "A serializable dependency injection container with constructor and setter injection, interface and trait awareness, configuration inheritance, and much more.",
            "homepage": "https://github.com/auraphp/Aura.Di",
            "keywords": [
                "container",
                "dependency injection",
                "dependency injection container",
                "di",
                "di container"
            ],
            "time": "2016-10-04T15:52:29+00:00"
        },
        {
            "name": "aura/payload",
            "version": "3.0.1",
            "source": {
                "type": "git",
                "url": "https://github.com/auraphp/Aura.Payload.git",
                "reference": "0fe2dcef54a8df163e9408e7316ec4fe33c3c07e"
            },
            "dist": {
                "type": "zip",
                "url": "https://api.github.com/repos/auraphp/Aura.Payload/zipball/0fe2dcef54a8df163e9408e7316ec4fe33c3c07e",
                "reference": "0fe2dcef54a8df163e9408e7316ec4fe33c3c07e",
                "shasum": ""
            },
            "require": {
                "aura/payload-interface": "~3.0",
                "php": ">=5.5.0"
            },
            "type": "library",
            "autoload": {
                "psr-4": {
                    "Aura\\Payload\\": "src/"
                }
            },
            "notification-url": "https://packagist.org/downloads/",
            "license": [
                "MIT"
            ],
            "authors": [
                {
                    "name": "Aura.Payload Contributors",
                    "homepage": "https://github.com/auraphp/Aura.Payload/contributors"
                }
            ],
            "description": "A Domain Payload implementation.",
            "homepage": "https://github.com/auraphp/Aura.Payload",
            "keywords": [
                "ddd",
                "domain",
                "payload"
            ],
            "time": "2016-10-03T21:41:00+00:00"
        },
        {
            "name": "aura/payload-interface",
            "version": "3.0.0",
            "source": {
                "type": "git",
                "url": "https://github.com/auraphp/Aura.Payload_Interface.git",
                "reference": "3228967aa56095f62caa6564be0b0529d668db15"
            },
            "dist": {
                "type": "zip",
                "url": "https://api.github.com/repos/auraphp/Aura.Payload_Interface/zipball/3228967aa56095f62caa6564be0b0529d668db15",
                "reference": "3228967aa56095f62caa6564be0b0529d668db15",
                "shasum": ""
            },
            "require": {
                "php": ">=5.5.0"
            },
            "type": "library",
            "autoload": {
                "psr-4": {
                    "Aura\\Payload_Interface\\": "src/"
                }
            },
            "notification-url": "https://packagist.org/downloads/",
            "license": [
                "MIT"
            ],
            "authors": [
                {
                    "name": "Aura.Payload_Interface Contributors",
                    "homepage": "https://github.com/auraphp/Aura.Payload_Interface/contributors"
                }
            ],
            "description": "An interface package for Domain Payload implementations.",
            "homepage": "https://github.com/auraphp/Aura.Payload_Interface",
            "keywords": [
                "ddd",
                "domain",
                "payload"
            ],
            "time": "2015-12-01T15:16:56+00:00"
        },
        {
            "name": "aura/router",
            "version": "3.1.0",
            "source": {
                "type": "git",
                "url": "https://github.com/auraphp/Aura.Router.git",
                "reference": "52507bc813c92511dbcacc7463f163ef5149ad38"
            },
            "dist": {
                "type": "zip",
                "url": "https://api.github.com/repos/auraphp/Aura.Router/zipball/52507bc813c92511dbcacc7463f163ef5149ad38",
                "reference": "52507bc813c92511dbcacc7463f163ef5149ad38",
                "shasum": ""
            },
            "require": {
                "php": ">=5.5.0",
                "psr/http-message": "~1.0",
                "psr/log": "~1.0"
            },
            "require-dev": {
                "phpunit/phpunit": "~5.7 || ~4.8",
                "zendframework/zend-diactoros": "~1.0"
            },
            "type": "library",
            "autoload": {
                "psr-4": {
                    "Aura\\Router\\": "src/"
                }
            },
            "notification-url": "https://packagist.org/downloads/",
            "license": [
                "MIT"
            ],
            "authors": [
                {
                    "name": "Aura.Router Contributors",
                    "homepage": "https://github.com/auraphp/Aura.Router/contributors"
                }
            ],
            "description": "Powerful, flexible web routing for PSR-7 requests.",
            "homepage": "https://github.com/auraphp/Aura.Router",
            "keywords": [
                "psr-7",
                "route",
                "router",
                "routing"
            ],
            "time": "2017-03-02T16:34:47+00:00"
        },
        {
            "name": "cadre/domain-session",
            "version": "0.4.0",
            "source": {
                "type": "git",
                "url": "https://github.com/cadrephp/Cadre.DomainSession.git",
                "reference": "37d191a2da204f445d658ee28040327eb48011dc"
            },
            "dist": {
                "type": "zip",
                "url": "https://api.github.com/repos/cadrephp/Cadre.DomainSession/zipball/37d191a2da204f445d658ee28040327eb48011dc",
                "reference": "37d191a2da204f445d658ee28040327eb48011dc",
                "shasum": ""
            },
            "require": {
                "php": ">=7.0.0",
                "psr/log": "^1.0"
            },
            "require-dev": {
                "mikey179/vfsstream": "^1.6.4",
                "monolog/monolog": "^1.22",
                "pds/skeleton": "1.x-dev",
                "phing/phing": "^2.15",
                "phpstan/phpstan": "^0.6.3",
                "phpunit/phpunit": "^6.0",
                "squizlabs/php_codesniffer": "^3.0@RC"
            },
            "type": "library",
            "autoload": {
                "psr-4": {
                    "Cadre\\DomainSession\\": "src/"
                }
            },
            "autoload-dev": {
                "psr-4": {
                    "Cadre\\DomainSession\\": "tests/"
                }
            },
            "license": [
                "MIT"
            ],
            "authors": [
                {
                    "name": "Cadre.DomainSession Contributors",
                    "homepage": "https://github.com/cadrephp/Cadre.DomainSession/contributors"
                }
            ],
            "description": "Library for managing session data within the domain",
            "support": {
                "source": "https://github.com/cadrephp/Cadre.DomainSession/tree/0.x",
                "issues": "https://github.com/cadrephp/Cadre.DomainSession/issues"
            },
            "time": "2017-03-06T20:22:50+00:00"
        },
        {
            "name": "container-interop/container-interop",
            "version": "1.2.0",
            "source": {
                "type": "git",
                "url": "https://github.com/container-interop/container-interop.git",
                "reference": "79cbf1341c22ec75643d841642dd5d6acd83bdb8"
            },
            "dist": {
                "type": "zip",
                "url": "https://api.github.com/repos/container-interop/container-interop/zipball/79cbf1341c22ec75643d841642dd5d6acd83bdb8",
                "reference": "79cbf1341c22ec75643d841642dd5d6acd83bdb8",
                "shasum": ""
            },
            "require": {
                "psr/container": "^1.0"
            },
            "type": "library",
            "autoload": {
                "psr-4": {
                    "Interop\\Container\\": "src/Interop/Container/"
                }
            },
            "notification-url": "https://packagist.org/downloads/",
            "license": [
                "MIT"
            ],
            "description": "Promoting the interoperability of container objects (DIC, SL, etc.)",
            "homepage": "https://github.com/container-interop/container-interop",
            "time": "2017-02-14T19:40:03+00:00"
        },
        {
            "name": "dflydev/fig-cookies",
            "version": "v1.0.2",
            "source": {
                "type": "git",
                "url": "https://github.com/dflydev/dflydev-fig-cookies.git",
                "reference": "883233c159d00d39e940bd12cfe42c0d23420c1c"
            },
            "dist": {
                "type": "zip",
                "url": "https://api.github.com/repos/dflydev/dflydev-fig-cookies/zipball/883233c159d00d39e940bd12cfe42c0d23420c1c",
                "reference": "883233c159d00d39e940bd12cfe42c0d23420c1c",
                "shasum": ""
            },
            "require": {
                "php": ">=5.4",
                "psr/http-message": "~1.0"
            },
            "require-dev": {
                "codeclimate/php-test-reporter": "~0.1@dev",
                "phpunit/phpunit": "~4.5",
                "squizlabs/php_codesniffer": "~2.3"
            },
            "type": "library",
            "extra": {
                "branch-alias": {
                    "dev-master": "1.0.x-dev"
                }
            },
            "autoload": {
                "psr-4": {
                    "Dflydev\\FigCookies\\": "src/Dflydev/FigCookies"
                }
            },
            "notification-url": "https://packagist.org/downloads/",
            "license": [
                "MIT"
            ],
            "authors": [
                {
                    "name": "Beau Simensen",
                    "email": "beau@dflydev.com"
                }
            ],
            "description": "Cookies for PSR-7 HTTP Message Interface.",
            "keywords": [
                "cookies",
                "psr-7",
                "psr7"
            ],
            "time": "2016-03-28T09:10:18+00:00"
        },
        {
            "name": "psr/container",
            "version": "1.0.0",
            "source": {
                "type": "git",
                "url": "https://github.com/php-fig/container.git",
                "reference": "b7ce3b176482dbbc1245ebf52b181af44c2cf55f"
            },
            "dist": {
                "type": "zip",
                "url": "https://api.github.com/repos/php-fig/container/zipball/b7ce3b176482dbbc1245ebf52b181af44c2cf55f",
                "reference": "b7ce3b176482dbbc1245ebf52b181af44c2cf55f",
                "shasum": ""
            },
            "require": {
                "php": ">=5.3.0"
            },
            "type": "library",
            "extra": {
                "branch-alias": {
                    "dev-master": "1.0.x-dev"
                }
            },
            "autoload": {
                "psr-4": {
                    "Psr\\Container\\": "src/"
                }
            },
            "notification-url": "https://packagist.org/downloads/",
            "license": [
                "MIT"
            ],
            "authors": [
                {
                    "name": "PHP-FIG",
                    "homepage": "http://www.php-fig.org/"
                }
            ],
            "description": "Common Container Interface (PHP FIG PSR-11)",
            "homepage": "https://github.com/php-fig/container",
            "keywords": [
                "PSR-11",
                "container",
                "container-interface",
                "container-interop",
                "psr"
            ],
            "time": "2017-02-14T16:28:37+00:00"
        },
        {
            "name": "psr/http-message",
            "version": "1.0.1",
            "source": {
                "type": "git",
                "url": "https://github.com/php-fig/http-message.git",
                "reference": "f6561bf28d520154e4b0ec72be95418abe6d9363"
            },
            "dist": {
                "type": "zip",
                "url": "https://api.github.com/repos/php-fig/http-message/zipball/f6561bf28d520154e4b0ec72be95418abe6d9363",
                "reference": "f6561bf28d520154e4b0ec72be95418abe6d9363",
                "shasum": ""
            },
            "require": {
                "php": ">=5.3.0"
            },
            "type": "library",
            "extra": {
                "branch-alias": {
                    "dev-master": "1.0.x-dev"
                }
            },
            "autoload": {
                "psr-4": {
                    "Psr\\Http\\Message\\": "src/"
                }
            },
            "notification-url": "https://packagist.org/downloads/",
            "license": [
                "MIT"
            ],
            "authors": [
                {
                    "name": "PHP-FIG",
                    "homepage": "http://www.php-fig.org/"
                }
            ],
            "description": "Common interface for HTTP messages",
            "homepage": "https://github.com/php-fig/http-message",
            "keywords": [
                "http",
                "http-message",
                "psr",
                "psr-7",
                "request",
                "response"
            ],
            "time": "2016-08-06T14:39:51+00:00"
        },
        {
            "name": "psr/log",
            "version": "1.0.2",
            "source": {
                "type": "git",
                "url": "https://github.com/php-fig/log.git",
                "reference": "4ebe3a8bf773a19edfe0a84b6585ba3d401b724d"
            },
            "dist": {
                "type": "zip",
                "url": "https://api.github.com/repos/php-fig/log/zipball/4ebe3a8bf773a19edfe0a84b6585ba3d401b724d",
                "reference": "4ebe3a8bf773a19edfe0a84b6585ba3d401b724d",
                "shasum": ""
            },
            "require": {
                "php": ">=5.3.0"
            },
            "type": "library",
            "extra": {
                "branch-alias": {
                    "dev-master": "1.0.x-dev"
                }
            },
            "autoload": {
                "psr-4": {
                    "Psr\\Log\\": "Psr/Log/"
                }
            },
            "notification-url": "https://packagist.org/downloads/",
            "license": [
                "MIT"
            ],
            "authors": [
                {
                    "name": "PHP-FIG",
                    "homepage": "http://www.php-fig.org/"
                }
            ],
            "description": "Common interface for logging libraries",
            "homepage": "https://github.com/php-fig/log",
            "keywords": [
                "log",
                "psr",
                "psr-3"
            ],
            "time": "2016-10-10T12:19:37+00:00"
        },
        {
            "name": "radar/adr",
            "version": "1.1.0",
            "source": {
                "type": "git",
                "url": "https://github.com/radarphp/Radar.Adr.git",
                "reference": "0f0ee20f51f3b12b00e35be7eb75f915d425cff0"
            },
            "dist": {
                "type": "zip",
                "url": "https://api.github.com/repos/radarphp/Radar.Adr/zipball/0f0ee20f51f3b12b00e35be7eb75f915d425cff0",
                "reference": "0f0ee20f51f3b12b00e35be7eb75f915d425cff0",
                "shasum": ""
            },
            "require": {
                "arbiter/arbiter": "~1.0",
                "aura/di": "~3.0",
                "aura/payload": "~3.0",
                "aura/router": "~3.0",
                "relay/middleware": "~1.0",
                "relay/relay": "~1.0"
            },
            "require-dev": {
                "zendframework/zend-diactoros": "~1.0"
            },
            "type": "library",
            "autoload": {
                "psr-4": {
                    "Radar\\Adr\\": "src/"
                }
            },
            "notification-url": "https://packagist.org/downloads/",
            "license": [
                "MIT"
            ],
            "description": "The Action-Domain-Responder core library for Radar.",
            "homepage": "https://github.com/radarphp/Radar.Adr",
            "time": "2016-04-05T15:57:58+00:00"
        },
        {
            "name": "relay/middleware",
            "version": "1.2.0",
            "source": {
                "type": "git",
                "url": "https://github.com/relayphp/Relay.Middleware.git",
                "reference": "7ae2a923239e0de544869526a30f873990557aff"
            },
            "dist": {
                "type": "zip",
                "url": "https://api.github.com/repos/relayphp/Relay.Middleware/zipball/7ae2a923239e0de544869526a30f873990557aff",
                "reference": "7ae2a923239e0de544869526a30f873990557aff",
                "shasum": ""
            },
            "require": {
                "psr/http-message": "~1.0"
            },
            "require-dev": {
                "zendframework/zend-diactoros": "~1.0"
            },
            "type": "library",
            "autoload": {
                "psr-4": {
                    "Relay\\Middleware\\": "src/"
                }
            },
            "notification-url": "https://packagist.org/downloads/",
            "license": [
                "MIT"
            ],
            "description": "Relay-compatible middleware decorators.",
            "homepage": "https://github.com/relayphp/Relay.Middleware",
            "time": "2016-12-07T16:45:53+00:00"
        },
        {
            "name": "relay/relay",
            "version": "1.1.0",
            "source": {
                "type": "git",
                "url": "https://github.com/relayphp/Relay.Relay.git",
                "reference": "e835fc45351b7a92a6fdf2a36be7bd59ef56c8ae"
            },
            "dist": {
                "type": "zip",
                "url": "https://api.github.com/repos/relayphp/Relay.Relay/zipball/e835fc45351b7a92a6fdf2a36be7bd59ef56c8ae",
                "reference": "e835fc45351b7a92a6fdf2a36be7bd59ef56c8ae",
                "shasum": ""
            },
            "require": {
                "php": ">=5.5.0",
                "psr/http-message": "~1.0"
            },
            "require-dev": {
                "zendframework/zend-diactoros": "~1.0"
            },
            "type": "library",
            "autoload": {
                "psr-4": {
                    "Relay\\": "src/"
                }
            },
            "notification-url": "https://packagist.org/downloads/",
            "license": [
                "MIT"
            ],
            "authors": [
                {
                    "name": "Relay.Relay Contributors",
                    "homepage": "https://github.com/relayphp/Relay.Relay/contributors"
                }
            ],
            "description": "A PSR-7 middleware dispatcher.",
            "homepage": "https://github.com/relayphp/Relay.Relay",
            "keywords": [
                "middleware",
                "psr-7"
            ],
            "time": "2015-12-17T18:18:30+00:00"
        },
        {
            "name": "twig/twig",
            "version": "v1.33.2",
            "source": {
                "type": "git",
                "url": "https://github.com/twigphp/Twig.git",
                "reference": "dd6ca96227917e1e85b41c7c3cc6507b411e0927"
            },
            "dist": {
                "type": "zip",
                "url": "https://api.github.com/repos/twigphp/Twig/zipball/dd6ca96227917e1e85b41c7c3cc6507b411e0927",
                "reference": "dd6ca96227917e1e85b41c7c3cc6507b411e0927",
                "shasum": ""
            },
            "require": {
                "php": ">=5.2.7"
            },
            "require-dev": {
                "psr/container": "^1.0",
                "symfony/debug": "~2.7",
                "symfony/phpunit-bridge": "~3.3@dev"
            },
            "type": "library",
            "extra": {
                "branch-alias": {
                    "dev-master": "1.33-dev"
                }
            },
            "autoload": {
                "psr-0": {
                    "Twig_": "lib/"
                }
            },
            "notification-url": "https://packagist.org/downloads/",
            "license": [
                "BSD-3-Clause"
            ],
            "authors": [
                {
                    "name": "Fabien Potencier",
                    "email": "fabien@symfony.com",
                    "homepage": "http://fabien.potencier.org",
                    "role": "Lead Developer"
                },
                {
                    "name": "Armin Ronacher",
                    "email": "armin.ronacher@active-4.com",
                    "role": "Project Founder"
                },
                {
                    "name": "Twig Team",
                    "homepage": "http://twig.sensiolabs.org/contributors",
                    "role": "Contributors"
                }
            ],
            "description": "Twig, the flexible, fast, and secure template language for PHP",
            "homepage": "http://twig.sensiolabs.org",
            "keywords": [
                "templating"
            ],
            "time": "2017-04-20T17:39:48+00:00"
        },
        {
            "name": "zendframework/zend-diactoros",
            "version": "1.4.0",
            "source": {
                "type": "git",
                "url": "https://github.com/zendframework/zend-diactoros.git",
                "reference": "b03f285a333f51e58c95cce54109a4a9ed691436"
            },
            "dist": {
                "type": "zip",
                "url": "https://api.github.com/repos/zendframework/zend-diactoros/zipball/b03f285a333f51e58c95cce54109a4a9ed691436",
                "reference": "b03f285a333f51e58c95cce54109a4a9ed691436",
                "shasum": ""
            },
            "require": {
                "php": "^5.4 || ^7.0",
                "psr/http-message": "~1.0"
            },
            "provide": {
                "psr/http-message-implementation": "1.0"
            },
            "require-dev": {
                "ext-dom": "*",
                "ext-libxml": "*",
                "phpunit/phpunit": "^4.6 || ^5.5",
                "zendframework/zend-coding-standard": "~1.0.0"
            },
            "type": "library",
            "extra": {
                "branch-alias": {
                    "dev-master": "1.4-dev",
                    "dev-develop": "1.5-dev"
                }
            },
            "autoload": {
                "psr-4": {
                    "Zend\\Diactoros\\": "src/"
                }
            },
            "notification-url": "https://packagist.org/downloads/",
            "license": [
                "BSD-2-Clause"
            ],
            "description": "PSR HTTP Message implementations",
            "homepage": "https://github.com/zendframework/zend-diactoros",
            "keywords": [
                "http",
                "psr",
                "psr-7"
            ],
            "time": "2017-04-06T16:18:34+00:00"
        }
    ],
    "packages-dev": [
        {
            "name": "pds/skeleton",
            "version": "1.x-dev",
            "source": {
                "type": "git",
                "url": "https://github.com/php-pds/skeleton.git",
                "reference": "95e476e5d629eadacbd721c5a9553e537514a231"
            },
            "dist": {
                "type": "zip",
                "url": "https://api.github.com/repos/php-pds/skeleton/zipball/95e476e5d629eadacbd721c5a9553e537514a231",
                "reference": "95e476e5d629eadacbd721c5a9553e537514a231",
                "shasum": ""
            },
            "bin": [
                "bin/pds-skeleton"
            ],
            "type": "standard",
            "autoload": {
                "psr-4": {
                    "Pds\\Skeleton\\": "src/"
                }
            },
            "notification-url": "https://packagist.org/downloads/",
            "license": [
                "CC-BY-SA-4.0"
            ],
            "description": "Standard for PHP package skeletons.",
            "homepage": "https://github.com/php-pds/skeleton",
            "time": "2017-01-25 23:30:41"
        }
    ],
    "aliases": [],
    "minimum-stability": "stable",
    "stability-flags": {
        "pds/skeleton": 20
    },
    "prefer-stable": false,
    "prefer-lowest": false,
    "platform": {
        "php": ">=7.0"
    },
    "platform-dev": []
}
